{
  "name": "@yoru-ui/ui",
  "version": "0.1.0",
  "lockfileVersion": 3,
  "requires": true,
  "packages": {
    "": {
      "name": "@yoru-ui/ui",
      "version": "0.1.0",
      "license": "MIT",
      "dependencies": {
        "@base-ui/react": "^1.0.0",
        "clsx": "^2.1.1"
      }
    },
    "../../node_modules/.pnpm/@base-ui+react@1.0.0_react-_a8bdd3bdb89f7a5b9b9ec587cb73c4d0/node_modules/@base-ui/react": {
      "version": "1.0.0",
      "license": "MIT",
      "dependencies": {
        "@babel/runtime": "^7.28.4",
        "@base-ui/utils": "0.2.3",
        "@floating-ui/react-dom": "^2.1.6",
        "@floating-ui/utils": "^0.2.10",
        "reselect": "^5.1.1",
        "tabbable": "^6.3.0",
        "use-sync-external-store": "^1.6.0"
      },
      "engines": {
        "node": ">=14.0.0"
      },
      "funding": {
        "type": "opencollective",
        "url": "https://opencollective.com/mui-org"
      },
      "peerDependencies": {
        "@types/react": "^17 || ^18 || ^19",
        "react": "^17 || ^18 || ^19",
        "react-dom": "^17 || ^18 || ^19"
      },
      "peerDependenciesMeta": {
        "@types/react": {
          "optional": true
        }
      }
    },
    "node_modules/@base-ui/react": {
      "resolved": "../../node_modules/.pnpm/@base-ui+react@1.0.0_react-_a8bdd3bdb89f7a5b9b9ec587cb73c4d0/node_modules/@base-ui/react",
      "link": true
    },
    "node_modules/clsx": {
      "version": "2.1.1",
      "resolved": "https://registry.npmjs.org/clsx/-/clsx-2.1.1.tgz",
      "integrity": "sha512-eYm0QWBtUrBWZWG0d386OGAw16Z995PiOVo2B7bjWSbHedGl5e0ZWaq65kOGgUSNesEIDkB9ISbTg/JK9dhCZA==",
      "license": "MIT",
      "engines": {
        "node": ">=6"
      }
    }
  }
}
